
Microsoft Visual Studio Solution File, Format Version 12.00
# Visual Studio Version 17
VisualStudioVersion = 17.2.32616.157
MinimumVisualStudioVersion = 10.0.40219.1
Project("{FAE04EC0-301F-11D3-BF4B-00C04F79EFBC}") = "ConsoleAppBQTest", "ConsoleAppBQTest.csproj", "{446A19E5-3018-4194-8A7A-2D64D4135218}"
EndProject
Global
	GlobalSection(SolutionConfigurationPlatforms) = preSolution
		Debug|Any CPU = Debug|Any CPU
		Release|Any CPU = Release|Any CPU
	EndGlobalSection
	GlobalSection(ProjectConfigurationPlatforms) = postSolution
		{446A19E5-3018-4194-8A7A-2D64D4135218}.Debug|Any CPU.ActiveCfg = Debug|Any CPU
		{446A19E5-3018-4194-8A7A-2D64D4135218}.Debug|Any CPU.Build.0 = Debug|Any CPU
		{446A19E5-3018-4194-8A7A-2D64D4135218}.Release|Any CPU.ActiveCfg = Release|Any CPU
		{446A19E5-3018-4194-8A7A-2D64D4135218}.Release|Any CPU.Build.0 = Release|Any CPU
	EndGlobalSection
	GlobalSection(SolutionProperties) = preSolution
		HideSolutionNode = FALSE
	EndGlobalSection
	GlobalSection(ExtensibilityGlobals) = postSolution
		SolutionGuid = {7B92AB6F-1510-4908-8632-58AA250120EE}
	EndGlobalSection
EndGlobal
